
Microsoft Visual Studio Solution File, Format Version 12.00
# Visual Studio Version 16
VisualStudioVersion = 16.0.31829.152
MinimumVisualStudioVersion = 10.0.40219.1
Project("{FAE04EC0-301F-11D3-BF4B-00C04F79EFBC}") = "BlazorWebAssembly1.Server", "BlazorWebAssembly1\Server\BlazorWebAssembly1.Server.csproj", "{F445D960-91E1-45F4-8B68-DD2B5B5355EE}"
EndProject
Project("{FAE04EC0-301F-11D3-BF4B-00C04F79EFBC}") = "BlazorWebAssembly1.Client", "BlazorWebAssembly1\Client\BlazorWebAssembly1.Client.csproj", "{89383BC3-583F-40FA-AE28-AB4EBE667644}"
EndProject
Project("{FAE04EC0-301F-11D3-BF4B-00C04F79EFBC}") = "BlazorWebAssembly1.Shared", "BlazorWebAssembly1\Shared\BlazorWebAssembly1.Shared.csproj", "{D6ACBF5C-9E76-423C-9110-EC1B80FD8FD6}"
EndProject
Global
	GlobalSection(SolutionConfigurationPlatforms) = preSolution
		Debug|Any CPU = Debug|Any CPU
		Release|Any CPU = Release|Any CPU
	EndGlobalSection
	GlobalSection(ProjectConfigurationPlatforms) = postSolution
		{F445D960-91E1-45F4-8B68-DD2B5B5355EE}.Debug|Any CPU.ActiveCfg = Debug|Any CPU
		{F445D960-91E1-45F4-8B68-DD2B5B5355EE}.Debug|Any CPU.Build.0 = Debug|Any CPU
		{F445D960-91E1-45F4-8B68-DD2B5B5355EE}.Release|Any CPU.ActiveCfg = Release|Any CPU
		{F445D960-91E1-45F4-8B68-DD2B5B5355EE}.Release|Any CPU.Build.0 = Release|Any CPU
		{89383BC3-583F-40FA-AE28-AB4EBE667644}.Debug|Any CPU.ActiveCfg = Debug|Any CPU
		{89383BC3-583F-40FA-AE28-AB4EBE667644}.Debug|Any CPU.Build.0 = Debug|Any CPU
		{89383BC3-583F-40FA-AE28-AB4EBE667644}.Release|Any CPU.ActiveCfg = Release|Any CPU
		{89383BC3-583F-40FA-AE28-AB4EBE667644}.Release|Any CPU.Build.0 = Release|Any CPU
		{D6ACBF5C-9E76-423C-9110-EC1B80FD8FD6}.Debug|Any CPU.ActiveCfg = Debug|Any CPU
		{D6ACBF5C-9E76-423C-9110-EC1B80FD8FD6}.Debug|Any CPU.Build.0 = Debug|Any CPU
		{D6ACBF5C-9E76-423C-9110-EC1B80FD8FD6}.Release|Any CPU.ActiveCfg = Release|Any CPU
		{D6ACBF5C-9E76-423C-9110-EC1B80FD8FD6}.Release|Any CPU.Build.0 = Release|Any CPU
	EndGlobalSection
	GlobalSection(SolutionProperties) = preSolution
		HideSolutionNode = FALSE
	EndGlobalSection
	GlobalSection(ExtensibilityGlobals) = postSolution
		SolutionGuid = {C8D3D9AF-E76C-4112-9A95-2D0201715126}
	EndGlobalSection
EndGlobal
